
Microsoft Visual Studio Solution File, Format Version 12.00
# Visual Studio Version 16
VisualStudioVersion = 16.0.31424.327
MinimumVisualStudioVersion = 10.0.40219.1
Project("{FAE04EC0-301F-11D3-BF4B-00C04F79EFBC}") = "MaasHesaplama", "MaasHesaplama\MaasHesaplama.csproj", "{20849A52-2A4E-4EEF-BF1E-B0E8FE410494}"
EndProject
Global
	GlobalSection(SolutionConfigurationPlatforms) = preSolution
		Debug|Any CPU = Debug|Any CPU
		Release|Any CPU = Release|Any CPU
	EndGlobalSection
	GlobalSection(ProjectConfigurationPlatforms) = postSolution
		{20849A52-2A4E-4EEF-BF1E-B0E8FE410494}.Debug|Any CPU.ActiveCfg = Debug|Any CPU
		{20849A52-2A4E-4EEF-BF1E-B0E8FE410494}.Debug|Any CPU.Build.0 = Debug|Any CPU
		{20849A52-2A4E-4EEF-BF1E-B0E8FE410494}.Release|Any CPU.ActiveCfg = Release|Any CPU
		{20849A52-2A4E-4EEF-BF1E-B0E8FE410494}.Release|Any CPU.Build.0 = Release|Any CPU
	EndGlobalSection
	GlobalSection(SolutionProperties) = preSolution
		HideSolutionNode = FALSE
	EndGlobalSection
	GlobalSection(ExtensibilityGlobals) = postSolution
		SolutionGuid = {6FF99B8E-A0D6-4D93-AC69-CC5DAE086D6D}
	EndGlobalSection
EndGlobal
